
Microsoft Visual Studio Solution File, Format Version 12.00
# Visual Studio Version 17
VisualStudioVersion = 17.1.32319.34
MinimumVisualStudioVersion = 10.0.40219.1
Project("{FAE04EC0-301F-11D3-BF4B-00C04F79EFBC}") = "_Final_Exam", "_Final_Exam\_Final_Exam.csproj", "{C9FA6F84-0209-4159-85DB-AA03C6A83C57}"
EndProject
Project("{FAE04EC0-301F-11D3-BF4B-00C04F79EFBC}") = "_For_Admin", "_For_Admin\_For_Admin.csproj", "{839EF382-607F-4260-9CA2-EF851E092BC4}"
EndProject
Global
	GlobalSection(SolutionConfigurationPlatforms) = preSolution
		Debug|Any CPU = Debug|Any CPU
		Release|Any CPU = Release|Any CPU
	EndGlobalSection
	GlobalSection(ProjectConfigurationPlatforms) = postSolution
		{C9FA6F84-0209-4159-85DB-AA03C6A83C57}.Debug|Any CPU.ActiveCfg = Debug|Any CPU
		{C9FA6F84-0209-4159-85DB-AA03C6A83C57}.Debug|Any CPU.Build.0 = Debug|Any CPU
		{C9FA6F84-0209-4159-85DB-AA03C6A83C57}.Release|Any CPU.ActiveCfg = Release|Any CPU
		{C9FA6F84-0209-4159-85DB-AA03C6A83C57}.Release|Any CPU.Build.0 = Release|Any CPU
		{839EF382-607F-4260-9CA2-EF851E092BC4}.Debug|Any CPU.ActiveCfg = Debug|Any CPU
		{839EF382-607F-4260-9CA2-EF851E092BC4}.Debug|Any CPU.Build.0 = Debug|Any CPU
		{839EF382-607F-4260-9CA2-EF851E092BC4}.Release|Any CPU.ActiveCfg = Release|Any CPU
		{839EF382-607F-4260-9CA2-EF851E092BC4}.Release|Any CPU.Build.0 = Release|Any CPU
	EndGlobalSection
	GlobalSection(SolutionProperties) = preSolution
		HideSolutionNode = FALSE
	EndGlobalSection
	GlobalSection(ExtensibilityGlobals) = postSolution
		SolutionGuid = {F5A91C17-AB84-48BA-81B8-59B75E877D51}
	EndGlobalSection
EndGlobal
